{
  "name": "@softwarefactory-project/re-patternfly",
  "version": "0.1.0",
  "lockfileVersion": 1,
  "requires": true,
  "dependencies": {
    "@patternfly/react-core": {
      "version": "4.50.2",
      "resolved": "https://registry.npmjs.org/@patternfly/react-core/-/react-core-4.50.2.tgz",
      "integrity": "sha512-EAzrgsNivoYJb+Zk0YGKgr24J4qqY8dnPt96NJKhEcSRmVeqJEvL6Uhd1xJF1hRKQ5Bzrn/Lp66C+u5fgmnUBw==",
      "requires": {
        "@patternfly/react-icons": "^4.7.6",
        "@patternfly/react-styles": "^4.7.5",
        "@patternfly/react-tokens": "^4.9.8",
        "focus-trap": "4.0.2",
        "react-dropzone": "9.0.0",
        "tippy.js": "5.1.2",
        "tslib": "^1.11.1"
      }
    },
    "@patternfly/react-icons": {
      "version": "4.7.6",
      "resolved": "https://registry.npmjs.org/@patternfly/react-icons/-/react-icons-4.7.6.tgz",
      "integrity": "sha512-B1+gVqe4zS+xQGrQh09z846rWxS6JNAs7PpQJYPEJ1SLzLOwy5wEaOK67im9dD6niEJifJqCcbacCNtVZjlWag=="
    },
    "@patternfly/react-styles": {
      "version": "4.7.5",
      "resolved": "https://registry.npmjs.org/@patternfly/react-styles/-/react-styles-4.7.5.tgz",
      "integrity": "sha512-xom9hI2QzztT5pxByTFj2h3E0s4zD/+wVVLqvugl98cy8bCNpfo97OftfDCxBSV0MuhFDMs8/zr9QJUcq/O8Lw=="
    },
    "@patternfly/react-tokens": {
      "version": "4.9.8",
      "resolved": "https://registry.npmjs.org/@patternfly/react-tokens/-/react-tokens-4.9.8.tgz",
      "integrity": "sha512-HBbtQHlWl3/B9KrS1fI3/k6sXDowfTsmw0zKuHXWjG552l0ApOrDmzh120Q7m6cvvkFv/Cw6XRwtJIDZBCEiyg=="
    },
    "attr-accept": {
      "version": "1.1.3",
      "resolved": "https://registry.npmjs.org/attr-accept/-/attr-accept-1.1.3.tgz",
      "integrity": "sha512-iT40nudw8zmCweivz6j58g+RT33I4KbaIvRUhjNmDwO2WmsQUxFEZZYZ5w3vXe5x5MX9D7mfvA/XaLOZYFR9EQ==",
      "requires": {
        "core-js": "^2.5.0"
      }
    },
    "bs-platform": {
      "version": "7.3.2",
      "resolved": "https://registry.npmjs.org/bs-platform/-/bs-platform-7.3.2.tgz",
      "integrity": "sha512-seJL5g4anK9la4erv+B2o2sMHQCxDF6OCRl9en3hbaUos/S3JsusQ0sPp4ORsbx5eXfHLYBwPljwKXlgpXtsgQ==",
      "dev": true
    },
    "core-js": {
      "version": "2.6.11",
      "resolved": "https://registry.npmjs.org/core-js/-/core-js-2.6.11.tgz",
      "integrity": "sha512-5wjnpaT/3dV+XB4borEsnAYQchn00XSgTAWKDkEqv+K8KevjbzmofK6hfJ9TZIlpj2N0xQpazy7PiRQiWHqzWg=="
    },
    "file-selector": {
      "version": "0.1.13",
      "resolved": "https://registry.npmjs.org/file-selector/-/file-selector-0.1.13.tgz",
      "integrity": "sha512-T2efCBY6Ps+jLIWdNQsmzt/UnAjKOEAlsZVdnQztg/BtAZGNL4uX1Jet9cMM8gify/x4CSudreji2HssGBNVIQ==",
      "requires": {
        "tslib": "^2.0.1"
      },
      "dependencies": {
        "tslib": {
          "version": "2.0.1",
          "resolved": "https://registry.npmjs.org/tslib/-/tslib-2.0.1.tgz",
          "integrity": "sha512-SgIkNheinmEBgx1IUNirK0TUD4X9yjjBRTqqjggWCU3pUEqIk3/Uwl3yRixYKT6WjQuGiwDv4NomL3wqRCj+CQ=="
        }
      }
    },
    "focus-trap": {
      "version": "4.0.2",
      "resolved": "https://registry.npmjs.org/focus-trap/-/focus-trap-4.0.2.tgz",
      "integrity": "sha512-HtLjfAK7Hp2qbBtLS6wEznID1mPT+48ZnP2nkHzgjpL4kroYHg0CdqJ5cTXk+UO5znAxF5fRUkhdyfgrhh8Lzw==",
      "requires": {
        "tabbable": "^3.1.2",
        "xtend": "^4.0.1"
      }
    },
    "js-tokens": {
      "version": "4.0.0",
      "resolved": "https://registry.npmjs.org/js-tokens/-/js-tokens-4.0.0.tgz",
      "integrity": "sha512-RdJUflcE3cUzKiMqQgsCu06FPu9UdIJO0beYbPhHN4k6apgJtifcoCtT9bcxOpYBtpD2kCM6Sbzg4CausW/PKQ=="
    },
    "loose-envify": {
      "version": "1.4.0",
      "resolved": "https://registry.npmjs.org/loose-envify/-/loose-envify-1.4.0.tgz",
      "integrity": "sha512-lyuxPGr/Wfhrlem2CL/UcnUc1zcqKAImBDzukY7Y5F/yQiNdko6+fRLevlw1HgMySw7f611UIY408EtxRSoK3Q==",
      "requires": {
        "js-tokens": "^3.0.0 || ^4.0.0"
      }
    },
    "object-assign": {
      "version": "4.1.1",
      "resolved": "https://registry.npmjs.org/object-assign/-/object-assign-4.1.1.tgz",
      "integrity": "sha1-IQmtx5ZYh8/AXLvUQsrIv7s2CGM="
    },
    "popper.js": {
      "version": "1.16.1",
      "resolved": "https://registry.npmjs.org/popper.js/-/popper.js-1.16.1.tgz",
      "integrity": "sha512-Wb4p1J4zyFTbM+u6WuO4XstYx4Ky9Cewe4DWrel7B0w6VVICvPwdOpotjzcf6eD8TsckVnIMNONQyPIUFOUbCQ=="
    },
    "prop-types": {
      "version": "15.7.2",
      "resolved": "https://registry.npmjs.org/prop-types/-/prop-types-15.7.2.tgz",
      "integrity": "sha512-8QQikdH7//R2vurIJSutZ1smHYTcLpRWEOlHnzcWHmBYrOGUysKwSsrC89BCiFj3CbrfJ/nXFdJepOVrY1GCHQ==",
      "requires": {
        "loose-envify": "^1.4.0",
        "object-assign": "^4.1.1",
        "react-is": "^16.8.1"
      }
    },
    "prop-types-extra": {
      "version": "1.1.1",
      "resolved": "https://registry.npmjs.org/prop-types-extra/-/prop-types-extra-1.1.1.tgz",
      "integrity": "sha512-59+AHNnHYCdiC+vMwY52WmvP5dM3QLeoumYuEyceQDi9aEhtwN9zIQ2ZNo25sMyXnbh32h+P1ezDsUpUH3JAew==",
      "requires": {
        "react-is": "^16.3.2",
        "warning": "^4.0.0"
      }
    },
    "react-dropzone": {
      "version": "9.0.0",
      "resolved": "https://registry.npmjs.org/react-dropzone/-/react-dropzone-9.0.0.tgz",
      "integrity": "sha512-wZ2o9B2qkdE3RumWhfyZT9swgJYJPeU5qHEcMU8weYpmLex1eeWX0CC32/Y0VutB+BBi2D+iePV/YZIiB4kZGw==",
      "requires": {
        "attr-accept": "^1.1.3",
        "file-selector": "^0.1.8",
        "prop-types": "^15.6.2",
        "prop-types-extra": "^1.1.0"
      }
    },
    "react-is": {
      "version": "16.13.1",
      "resolved": "https://registry.npmjs.org/react-is/-/react-is-16.13.1.tgz",
      "integrity": "sha512-24e6ynE2H+OKt4kqsOvNd8kBpV65zoxbA4BVsEOB3ARVWQki/DHzaUoC5KuON/BiccDaCCTZBuOcfZs70kR8bQ=="
    },
    "reason-react": {
      "version": "0.9.1",
      "resolved": "https://registry.npmjs.org/reason-react/-/reason-react-0.9.1.tgz",
      "integrity": "sha512-nlH0O2TDy9KzOLOW+vlEQk4ExHOeciyzFdoLcsmmiit6hx6H5+CVDrwJ+8aiaLT/kqK5xFOjy4PS7PftWz4plA=="
    },
    "tabbable": {
      "version": "3.1.2",
      "resolved": "https://registry.npmjs.org/tabbable/-/tabbable-3.1.2.tgz",
      "integrity": "sha512-wjB6puVXTYO0BSFtCmWQubA/KIn7Xvajw0x0l6eJUudMG/EAiJvIUnyNX6xO4NpGrJ16lbD0eUseB9WxW0vlpQ=="
    },
    "tippy.js": {
      "version": "5.1.2",
      "resolved": "https://registry.npmjs.org/tippy.js/-/tippy.js-5.1.2.tgz",
      "integrity": "sha512-Qtrv2wqbRbaKMUb6bWWBQWPayvcDKNrGlvihxtsyowhT7RLGEh1STWuy6EMXC6QLkfKPB2MLnf8W2mzql9VDAw==",
      "requires": {
        "popper.js": "^1.16.0"
      }
    },
    "tslib": {
      "version": "1.13.0",
      "resolved": "https://registry.npmjs.org/tslib/-/tslib-1.13.0.tgz",
      "integrity": "sha512-i/6DQjL8Xf3be4K/E6Wgpekn5Qasl1usyw++dAA35Ue5orEn65VIxOA+YvNNl9HV3qv70T7CNwjODHZrLwvd1Q=="
    },
    "warning": {
      "version": "4.0.3",
      "resolved": "https://registry.npmjs.org/warning/-/warning-4.0.3.tgz",
      "integrity": "sha512-rpJyN222KWIvHJ/F53XSZv0Zl/accqHR8et1kpaMTD/fLCRxtV8iX8czMzY7sVZupTI3zcUTg8eycS2kNF9l6w==",
      "requires": {
        "loose-envify": "^1.0.0"
      }
    },
    "xtend": {
      "version": "4.0.2",
      "resolved": "https://registry.npmjs.org/xtend/-/xtend-4.0.2.tgz",
      "integrity": "sha512-LKYU1iAXJXUgAXn9URjiu+MWhyUXHsvfp7mcuYm9dSUKK0/CjtrUwFAxD82/mCWbtLsGjFIad0wIsod4zrTAEQ=="
    }
  }
}
